// !$*UTF8*$!
{
	archiveVersion = 1;
	classes = {
	};
	objectVersion = 46;
	objects = {

/* Begin PBXBuildFile section */
		2F32E82F1B768D59003188B1 /* ExpenseItem.cpp in Sources */ = {isa = PBXBuildFile; fileRef = 2F32E8261B768D59003188B1 /* ExpenseItem.cpp */; };
		2F32E8301B768D59003188B1 /* ExpenseItem.h in Headers */ = {isa = PBXBuildFile; fileRef = 2F32E8271B768D59003188B1 /* ExpenseItem.h */; };
		2F32E8311B768D59003188B1 /* Member.cpp in Sources */ = {isa = PBXBuildFile; fileRef = 2F32E8281B768D59003188B1 /* Member.cpp */; };
		2F32E8321B768D59003188B1 /* Member.h in Headers */ = {isa = PBXBuildFile; fileRef = 2F32E8291B768D59003188B1 /* Member.h */; };
		2F32E8331B768D59003188B1 /* SharedEvent.cpp in Sources */ = {isa = PBXBuildFile; fileRef = 2F32E82A1B768D59003188B1 /* SharedEvent.cpp */; };
		2F32E8341B768D59003188B1 /* SharedEvent.h in Headers */ = {isa = PBXBuildFile; fileRef = 2F32E82B1B768D59003188B1 /* SharedEvent.h */; };
		2F32E8351B768D59003188B1 /* stdafx.cpp in Sources */ = {isa = PBXBuildFile; fileRef = 2F32E82C1B768D59003188B1 /* stdafx.cpp */; };
		2F32E8361B768D59003188B1 /* stdafx.h in Headers */ = {isa = PBXBuildFile; fileRef = 2F32E82D1B768D59003188B1 /* stdafx.h */; };
		2F32E8371B768D59003188B1 /* targetver.h in Headers */ = {isa = PBXBuildFile; fileRef = 2F32E82E1B768D59003188B1 /* targetver.h */; };
/* End PBXBuildFile section */

/* Begin PBXFileReference section */
		2F32E8021B768AB6003188B1 /* libsharist.base.a */ = {isa = PBXFileReference; explicitFileType = archive.ar; includeInIndex = 0; path = libsharist.base.a; sourceTree = BUILT_PRODUCTS_DIR; };
		2F32E8261B768D59003188B1 /* ExpenseItem.cpp */ = {isa = PBXFileReference; fileEncoding = 4; lastKnownFileType = sourcecode.cpp.cpp; name = ExpenseItem.cpp; path = ../costsplitter/ExpenseItem.cpp; sourceTree = "<group>"; };
		2F32E8271B768D59003188B1 /* ExpenseItem.h */ = {isa = PBXFileReference; fileEncoding = 4; lastKnownFileType = sourcecode.c.h; name = ExpenseItem.h; path = ../costsplitter/ExpenseItem.h; sourceTree = "<group>"; };
		2F32E8281B768D59003188B1 /* Member.cpp */ = {isa = PBXFileReference; fileEncoding = 4; lastKnownFileType = sourcecode.cpp.cpp; name = Member.cpp; path = ../costsplitter/Member.cpp; sourceTree = "<group>"; };
		2F32E8291B768D59003188B1 /* Member.h */ = {isa = PBXFileReference; fileEncoding = 4; lastKnownFileType = sourcecode.c.h; name = Member.h; path = ../costsplitter/Member.h; sourceTree = "<group>"; };
		2F32E82A1B768D59003188B1 /* SharedEvent.cpp */ = {isa = PBXFileReference; fileEncoding = 4; lastKnownFileType = sourcecode.cpp.cpp; name = SharedEvent.cpp; path = ../costsplitter/SharedEvent.cpp; sourceTree = "<group>"; };
		2F32E82B1B768D59003188B1 /* SharedEvent.h */ = {isa = PBXFileReference; fileEncoding = 4; lastKnownFileType = sourcecode.c.h; name = SharedEvent.h; path = ../costsplitter/SharedEvent.h; sourceTree = "<group>"; };
		2F32E82C1B768D59003188B1 /* stdafx.cpp */ = {isa = PBXFileReference; fileEncoding = 4; lastKnownFileType = sourcecode.cpp.cpp; name = stdafx.cpp; path = ../costsplitter/stdafx.cpp; sourceTree = "<group>"; };
		2F32E82D1B768D59003188B1 /* stdafx.h */ = {isa = PBXFileReference; fileEncoding = 4; lastKnownFileType = sourcecode.c.h; name = stdafx.h; path = ../costsplitter/stdafx.h; sourceTree = "<group>"; };
		2F32E82E1B768D59003188B1 /* targetver.h */ = {isa = PBXFileReference; fileEncoding = 4; lastKnownFileType = sourcecode.c.h; name = targetver.h; path = ../costsplitter/targetver.h; sourceTree = "<group>"; };
/* End PBXFileReference section */

/* Begin PBXFrameworksBuildPhase section */
		2F32E7FF1B768AB6003188B1 /* Frameworks */ = {
			isa = PBXFrameworksBuildPhase;
			buildActionMask = 2147483647;
			files = (
			);
			runOnlyForDeploymentPostprocessing = 0;
		};
/* End PBXFrameworksBuildPhase section */

/* Begin PBXGroup section */
		2F32E7F91B768AB6003188B1 = {
			isa = PBXGroup;
			children = (
				2F32E8381B768D6D003188B1 /* headers */,
				2F32E8261B768D59003188B1 /* ExpenseItem.cpp */,
				2F32E8281B768D59003188B1 /* Member.cpp */,
				2F32E82A1B768D59003188B1 /* SharedEvent.cpp */,
				2F32E82C1B768D59003188B1 /* stdafx.cpp */,
				2F32E8031B768AB6003188B1 /* Products */,
			);
			sourceTree = "<group>";
		};
		2F32E8031B768AB6003188B1 /* Products */ = {
			isa = PBXGroup;
			children = (
				2F32E8021B768AB6003188B1 /* libsharist.base.a */,
			);
			name = Products;
			sourceTree = "<group>";
		};
		2F32E8381B768D6D003188B1 /* headers */ = {
			isa = PBXGroup;
			children = (
				2F32E8271B768D59003188B1 /* ExpenseItem.h */,
				2F32E8291B768D59003188B1 /* Member.h */,
				2F32E82B1B768D59003188B1 /* SharedEvent.h */,
				2F32E82D1B768D59003188B1 /* stdafx.h */,
				2F32E82E1B768D59003188B1 /* targetver.h */,
			);
			name = headers;
			sourceTree = "<group>";
		};
/* End PBXGroup section */

/* Begin PBXHeadersBuildPhase section */
		2F32E8001B768AB6003188B1 /* Headers */ = {
			isa = PBXHeadersBuildPhase;
			buildActionMask = 2147483647;
			files = (
				2F32E8361B768D59003188B1 /* stdafx.h in Headers */,
				2F32E8371B768D59003188B1 /* targetver.h in Headers */,
				2F32E8321B768D59003188B1 /* Member.h in Headers */,
				2F32E8341B768D59003188B1 /* SharedEvent.h in Headers */,
				2F32E8301B768D59003188B1 /* ExpenseItem.h in Headers */,
			);
			runOnlyForDeploymentPostprocessing = 0;
		};
/* End PBXHeadersBuildPhase section */

/* Begin PBXNativeTarget section */
		2F32E8011B768AB6003188B1 /* sharist.base */ = {
			isa = PBXNativeTarget;
			buildConfigurationList = 2F32E80D1B768AB6003188B1 /* Build configuration list for PBXNativeTarget "sharist.base" */;
			buildPhases = (
				2F32E7FE1B768AB6003188B1 /* Sources */,
				2F32E7FF1B768AB6003188B1 /* Frameworks */,
				2F32E8001B768AB6003188B1 /* Headers */,
			);
			buildRules = (
			);
			dependencies = (
			);
			name = sharist.base;
			productName = sharist.base;
			productReference = 2F32E8021B768AB6003188B1 /* libsharist.base.a */;
			productType = "com.apple.product-type.library.static";
		};
/* End PBXNativeTarget section */

/* Begin PBXProject section */
		2F32E7FA1B768AB6003188B1 /* Project object */ = {
			isa = PBXProject;
			attributes = {
				LastUpgradeCheck = 0640;
				ORGANIZATIONNAME = "Galeyev Marat";
				TargetAttributes = {
					2F32E8011B768AB6003188B1 = {
						CreatedOnToolsVersion = 6.4;
					};
				};
			};
			buildConfigurationList = 2F32E7FD1B768AB6003188B1 /* Build configuration list for PBXProject "sharist.base" */;
			compatibilityVersion = "Xcode 3.2";
			developmentRegion = English;
			hasScannedForEncodings = 0;
			knownRegions = (
				en,
			);
			mainGroup = 2F32E7F91B768AB6003188B1;
			productRefGroup = 2F32E8031B768AB6003188B1 /* Products */;
			projectDirPath = "";
			projectRoot = "";
			targets = (
				2F32E8011B768AB6003188B1 /* sharist.base */,
			);
		};
/* End PBXProject section */

/* Begin PBXSourcesBuildPhase section */
		2F32E7FE1B768AB6003188B1 /* Sources */ = {
			isa = PBXSourcesBuildPhase;
			buildActionMask = 2147483647;
			files = (
				2F32E8331B768D59003188B1 /* SharedEvent.cpp in Sources */,
				2F32E8351B768D59003188B1 /* stdafx.cpp in Sources */,
				2F32E82F1B768D59003188B1 /* ExpenseItem.cpp in Sources */,
				2F32E8311B768D59003188B1 /* Member.cpp in Sources */,
			);
			runOnlyForDeploymentPostprocessing = 0;
		};
/* End PBXSourcesBuildPhase section */

/* Begin XCBuildConfiguration section */
		2F32E80B1B768AB6003188B1 /* Debug */ = {
			isa = XCBuildConfiguration;
			buildSettings = {
				ALWAYS_SEARCH_USER_PATHS = NO;
				CLANG_CXX_LANGUAGE_STANDARD = "gnu++0x";
				CLANG_CXX_LIBRARY = "libc++";
				CLANG_ENABLE_MODULES = YES;
				CLANG_ENABLE_OBJC_ARC = YES;
				CLANG_WARN_BOOL_CONVERSION = YES;
				CLANG_WARN_CONSTANT_CONVERSION = YES;
				CLANG_WARN_DIRECT_OBJC_ISA_USAGE = YES_ERROR;
				CLANG_WARN_EMPTY_BODY = YES;
				CLANG_WARN_ENUM_CONVERSION = YES;
				CLANG_WARN_INT_CONVERSION = YES;
				CLANG_WARN_OBJC_ROOT_CLASS = YES_ERROR;
				CLANG_WARN_UNREACHABLE_CODE = YES;
				CLANG_WARN__DUPLICATE_METHOD_MATCH = YES;
				COPY_PHASE_STRIP = NO;
				DEBUG_INFORMATION_FORMAT = dwarf;
				ENABLE_STRICT_OBJC_MSGSEND = YES;
				GCC_C_LANGUAGE_STANDARD = gnu99;
				GCC_DYNAMIC_NO_PIC = NO;
				GCC_NO_COMMON_BLOCKS = YES;
				GCC_OPTIMIZATION_LEVEL = 0;
				GCC_PREPROCESSOR_DEFINITIONS = (
					"DEBUG=1",
					"$(inherited)",
				);
				GCC_SYMBOLS_PRIVATE_EXTERN = NO;
				GCC_WARN_64_TO_32_BIT_CONVERSION = YES;
				GCC_WARN_ABOUT_RETURN_TYPE = YES_ERROR;
				GCC_WARN_UNDECLARED_SELECTOR = YES;
				GCC_WARN_UNINITIALIZED_AUTOS = YES_AGGRESSIVE;
				GCC_WARN_UNUSED_FUNCTION = YES;
				GCC_WARN_UNUSED_VARIABLE = YES;
				MACOSX_DEPLOYMENT_TARGET = 10.10;
				MTL_ENABLE_DEBUG_INFO = YES;
				ONLY_ACTIVE_ARCH = YES;
				SDKROOT = macosx;
			};
			name = Debug;
		};
		2F32E80C1B768AB6003188B1 /* Release */ = {
			isa = XCBuildConfiguration;
			buildSettings = {
				ALWAYS_SEARCH_USER_PATHS = NO;
				CLANG_CXX_LANGUAGE_STANDARD = "gnu++0x";
				CLANG_CXX_LIBRARY = "libc++";
				CLANG_ENABLE_MODULES = YES;
				CLANG_ENABLE_OBJC_ARC = YES;
				CLANG_WARN_BOOL_CONVERSION = YES;
				CLANG_WARN_CONSTANT_CONVERSION = YES;
				CLANG_WARN_DIRECT_OBJC_ISA_USAGE = YES_ERROR;
				CLANG_WARN_EMPTY_BODY = YES;
				CLANG_WARN_ENUM_CONVERSION = YES;
				CLANG_WARN_INT_CONVERSION = YES;
				CLANG_WARN_OBJC_ROOT_CLASS = YES_ERROR;
				CLANG_WARN_UNREACHABLE_CODE = YES;
				CLANG_WARN__DUPLICATE_METHOD_MATCH = YES;
				COPY_PHASE_STRIP = NO;
				DEBUG_INFORMATION_FORMAT = "dwarf-with-dsym";
				ENABLE_NS_ASSERTIONS = NO;
				ENABLE_STRICT_OBJC_MSGSEND = YES;
				GCC_C_LANGUAGE_STANDARD = gnu99;
				GCC_NO_COMMON_BLOCKS = YES;
				GCC_WARN_64_TO_32_BIT_CONVERSION = YES;
				GCC_WARN_ABOUT_RETURN_TYPE = YES_ERROR;
				GCC_WARN_UNDECLARED_SELECTOR = YES;
				GCC_WARN_UNINITIALIZED_AUTOS = YES_AGGRESSIVE;
				GCC_WARN_UNUSED_FUNCTION = YES;
				GCC_WARN_UNUSED_VARIABLE = YES;
				MACOSX_DEPLOYMENT_TARGET = 10.10;
				MTL_ENABLE_DEBUG_INFO = NO;
				SDKROOT = macosx;
			};
			name = Release;
		};
		2F32E80E1B768AB6003188B1 /* Debug */ = {
			isa = XCBuildConfiguration;
			buildSettings = {
				EXECUTABLE_PREFIX = lib;
				GCC_ENABLE_CPP_EXCEPTIONS = YES;
				GCC_ENABLE_CPP_RTTI = YES;
				GCC_SYMBOLS_PRIVATE_EXTERN = NO;
				PRODUCT_NAME = "$(TARGET_NAME)";
			};
			name = Debug;
		};
		2F32E80F1B768AB6003188B1 /* Release */ = {
			isa = XCBuildConfiguration;
			buildSettings = {
				EXECUTABLE_PREFIX = lib;
				GCC_ENABLE_CPP_EXCEPTIONS = YES;
				GCC_ENABLE_CPP_RTTI = YES;
				GCC_SYMBOLS_PRIVATE_EXTERN = NO;
				PRODUCT_NAME = "$(TARGET_NAME)";
			};
			name = Release;
		};
/* End XCBuildConfiguration section */

/* Begin XCConfigurationList section */
		2F32E7FD1B768AB6003188B1 /* Build configuration list for PBXProject "sharist.base" */ = {
			isa = XCConfigurationList;
			buildConfigurations = (
				2F32E80B1B768AB6003188B1 /* Debug */,
				2F32E80C1B768AB6003188B1 /* Release */,
			);
			defaultConfigurationIsVisible = 0;
			defaultConfigurationName = Release;
		};
		2F32E80D1B768AB6003188B1 /* Build configuration list for PBXNativeTarget "sharist.base" */ = {
			isa = XCConfigurationList;
			buildConfigurations = (
				2F32E80E1B768AB6003188B1 /* Debug */,
				2F32E80F1B768AB6003188B1 /* Release */,
			);
			defaultConfigurationIsVisible = 0;
		};
/* End XCConfigurationList section */
	};
	rootObject = 2F32E7FA1B768AB6003188B1 /* Project object */;
}
