// !$*UTF8*$!
{
	archiveVersion = 1;
	classes = {
	};
	objectVersion = 46;
	objects = {

/* Begin PBXBuildFile section */
		2F08F2971B6D858500A564AE /* main.cpp in Sources */ = {isa = PBXBuildFile; fileRef = 2F08F28D1B6D858500A564AE /* main.cpp */; };
		2F08F2981B6D858500A564AE /* ExpenseItem.cpp in Sources */ = {isa = PBXBuildFile; fileRef = 2F08F28E1B6D858500A564AE /* ExpenseItem.cpp */; };
		2F08F2991B6D858500A564AE /* Member.cpp in Sources */ = {isa = PBXBuildFile; fileRef = 2F08F2901B6D858500A564AE /* Member.cpp */; };
		2F08F29A1B6D858500A564AE /* SharedEvent.cpp in Sources */ = {isa = PBXBuildFile; fileRef = 2F08F2921B6D858500A564AE /* SharedEvent.cpp */; };
		2F08F29B1B6D858500A564AE /* stdafx.cpp in Sources */ = {isa = PBXBuildFile; fileRef = 2F08F2941B6D858500A564AE /* stdafx.cpp */; };
/* End PBXBuildFile section */

/* Begin PBXCopyFilesBuildPhase section */
		2F08F2811B6D854700A564AE /* CopyFiles */ = {
			isa = PBXCopyFilesBuildPhase;
			buildActionMask = 2147483647;
			dstPath = /usr/share/man/man1/;
			dstSubfolderSpec = 0;
			files = (
			);
			runOnlyForDeploymentPostprocessing = 1;
		};
/* End PBXCopyFilesBuildPhase section */

/* Begin PBXFileReference section */
		2F08F2831B6D854700A564AE /* sharist */ = {isa = PBXFileReference; explicitFileType = "compiled.mach-o.executable"; includeInIndex = 0; path = sharist; sourceTree = BUILT_PRODUCTS_DIR; };
		2F08F28D1B6D858500A564AE /* main.cpp */ = {isa = PBXFileReference; fileEncoding = 4; lastKnownFileType = sourcecode.cpp.cpp; name = main.cpp; path = ../../costsplitter/main.cpp; sourceTree = "<group>"; };
		2F08F28E1B6D858500A564AE /* ExpenseItem.cpp */ = {isa = PBXFileReference; fileEncoding = 4; lastKnownFileType = sourcecode.cpp.cpp; name = ExpenseItem.cpp; path = ../../costsplitter/ExpenseItem.cpp; sourceTree = "<group>"; };
		2F08F28F1B6D858500A564AE /* ExpenseItem.h */ = {isa = PBXFileReference; fileEncoding = 4; lastKnownFileType = sourcecode.c.h; name = ExpenseItem.h; path = ../../costsplitter/ExpenseItem.h; sourceTree = "<group>"; };
		2F08F2901B6D858500A564AE /* Member.cpp */ = {isa = PBXFileReference; fileEncoding = 4; lastKnownFileType = sourcecode.cpp.cpp; name = Member.cpp; path = ../../costsplitter/Member.cpp; sourceTree = "<group>"; };
		2F08F2911B6D858500A564AE /* Member.h */ = {isa = PBXFileReference; fileEncoding = 4; lastKnownFileType = sourcecode.c.h; name = Member.h; path = ../../costsplitter/Member.h; sourceTree = "<group>"; };
		2F08F2921B6D858500A564AE /* SharedEvent.cpp */ = {isa = PBXFileReference; fileEncoding = 4; lastKnownFileType = sourcecode.cpp.cpp; name = SharedEvent.cpp; path = ../../costsplitter/SharedEvent.cpp; sourceTree = "<group>"; };
		2F08F2931B6D858500A564AE /* SharedEvent.h */ = {isa = PBXFileReference; fileEncoding = 4; lastKnownFileType = sourcecode.c.h; name = SharedEvent.h; path = ../../costsplitter/SharedEvent.h; sourceTree = "<group>"; };
		2F08F2941B6D858500A564AE /* stdafx.cpp */ = {isa = PBXFileReference; fileEncoding = 4; lastKnownFileType = sourcecode.cpp.cpp; name = stdafx.cpp; path = ../../costsplitter/stdafx.cpp; sourceTree = "<group>"; };
		2F08F2951B6D858500A564AE /* stdafx.h */ = {isa = PBXFileReference; fileEncoding = 4; lastKnownFileType = sourcecode.c.h; name = stdafx.h; path = ../../costsplitter/stdafx.h; sourceTree = "<group>"; };
		2F08F2961B6D858500A564AE /* targetver.h */ = {isa = PBXFileReference; fileEncoding = 4; lastKnownFileType = sourcecode.c.h; name = targetver.h; path = ../../costsplitter/targetver.h; sourceTree = "<group>"; };
/* End PBXFileReference section */

/* Begin PBXFrameworksBuildPhase section */
		2F08F2801B6D854700A564AE /* Frameworks */ = {
			isa = PBXFrameworksBuildPhase;
			buildActionMask = 2147483647;
			files = (
			);
			runOnlyForDeploymentPostprocessing = 0;
		};
/* End PBXFrameworksBuildPhase section */

/* Begin PBXGroup section */
		2F08F27A1B6D854700A564AE = {
			isa = PBXGroup;
			children = (
				2F08F2851B6D854700A564AE /* sharist */,
				2F08F2841B6D854700A564AE /* Products */,
			);
			sourceTree = "<group>";
		};
		2F08F2841B6D854700A564AE /* Products */ = {
			isa = PBXGroup;
			children = (
				2F08F2831B6D854700A564AE /* sharist */,
			);
			name = Products;
			sourceTree = "<group>";
		};
		2F08F2851B6D854700A564AE /* sharist */ = {
			isa = PBXGroup;
			children = (
				2F08F29C1B6D859F00A564AE /* Headers */,
				2F08F28D1B6D858500A564AE /* main.cpp */,
				2F08F28E1B6D858500A564AE /* ExpenseItem.cpp */,
				2F08F2901B6D858500A564AE /* Member.cpp */,
				2F08F2921B6D858500A564AE /* SharedEvent.cpp */,
				2F08F2931B6D858500A564AE /* SharedEvent.h */,
				2F08F2941B6D858500A564AE /* stdafx.cpp */,
			);
			path = sharist;
			sourceTree = "<group>";
		};
		2F08F29C1B6D859F00A564AE /* Headers */ = {
			isa = PBXGroup;
			children = (
				2F08F28F1B6D858500A564AE /* ExpenseItem.h */,
				2F08F2911B6D858500A564AE /* Member.h */,
				2F08F2951B6D858500A564AE /* stdafx.h */,
				2F08F2961B6D858500A564AE /* targetver.h */,
			);
			name = Headers;
			sourceTree = "<group>";
		};
/* End PBXGroup section */

/* Begin PBXNativeTarget section */
		2F08F2821B6D854700A564AE /* sharist */ = {
			isa = PBXNativeTarget;
			buildConfigurationList = 2F08F28A1B6D854700A564AE /* Build configuration list for PBXNativeTarget "sharist" */;
			buildPhases = (
				2F08F27F1B6D854700A564AE /* Sources */,
				2F08F2801B6D854700A564AE /* Frameworks */,
				2F08F2811B6D854700A564AE /* CopyFiles */,
			);
			buildRules = (
			);
			dependencies = (
			);
			name = sharist;
			productName = sharist;
			productReference = 2F08F2831B6D854700A564AE /* sharist */;
			productType = "com.apple.product-type.tool";
		};
/* End PBXNativeTarget section */

/* Begin PBXProject section */
		2F08F27B1B6D854700A564AE /* Project object */ = {
			isa = PBXProject;
			attributes = {
				LastUpgradeCheck = 0640;
				ORGANIZATIONNAME = "Galeyev Marat";
				TargetAttributes = {
					2F08F2821B6D854700A564AE = {
						CreatedOnToolsVersion = 6.4;
					};
				};
			};
			buildConfigurationList = 2F08F27E1B6D854700A564AE /* Build configuration list for PBXProject "sharist" */;
			compatibilityVersion = "Xcode 3.2";
			developmentRegion = English;
			hasScannedForEncodings = 0;
			knownRegions = (
				en,
			);
			mainGroup = 2F08F27A1B6D854700A564AE;
			productRefGroup = 2F08F2841B6D854700A564AE /* Products */;
			projectDirPath = "";
			projectRoot = "";
			targets = (
				2F08F2821B6D854700A564AE /* sharist */,
			);
		};
/* End PBXProject section */

/* Begin PBXSourcesBuildPhase section */
		2F08F27F1B6D854700A564AE /* Sources */ = {
			isa = PBXSourcesBuildPhase;
			buildActionMask = 2147483647;
			files = (
				2F08F2971B6D858500A564AE /* main.cpp in Sources */,
				2F08F2981B6D858500A564AE /* ExpenseItem.cpp in Sources */,
				2F08F29B1B6D858500A564AE /* stdafx.cpp in Sources */,
				2F08F29A1B6D858500A564AE /* SharedEvent.cpp in Sources */,
				2F08F2991B6D858500A564AE /* Member.cpp in Sources */,
			);
			runOnlyForDeploymentPostprocessing = 0;
		};
/* End PBXSourcesBuildPhase section */

/* Begin XCBuildConfiguration section */
		2F08F2881B6D854700A564AE /* Debug */ = {
			isa = XCBuildConfiguration;
			buildSettings = {
				ALWAYS_SEARCH_USER_PATHS = NO;
				CLANG_CXX_LANGUAGE_STANDARD = "gnu++0x";
				CLANG_CXX_LIBRARY = "libc++";
				CLANG_ENABLE_MODULES = YES;
				CLANG_ENABLE_OBJC_ARC = YES;
				CLANG_WARN_BOOL_CONVERSION = YES;
				CLANG_WARN_CONSTANT_CONVERSION = YES;
				CLANG_WARN_DIRECT_OBJC_ISA_USAGE = YES_ERROR;
				CLANG_WARN_EMPTY_BODY = YES;
				CLANG_WARN_ENUM_CONVERSION = YES;
				CLANG_WARN_INT_CONVERSION = YES;
				CLANG_WARN_OBJC_ROOT_CLASS = YES_ERROR;
				CLANG_WARN_UNREACHABLE_CODE = YES;
				CLANG_WARN__DUPLICATE_METHOD_MATCH = YES;
				COPY_PHASE_STRIP = NO;
				DEBUG_INFORMATION_FORMAT = dwarf;
				ENABLE_STRICT_OBJC_MSGSEND = YES;
				GCC_C_LANGUAGE_STANDARD = gnu99;
				GCC_DYNAMIC_NO_PIC = NO;
				GCC_NO_COMMON_BLOCKS = YES;
				GCC_OPTIMIZATION_LEVEL = 0;
				GCC_PREPROCESSOR_DEFINITIONS = (
					"DEBUG=1",
					"$(inherited)",
				);
				GCC_SYMBOLS_PRIVATE_EXTERN = NO;
				GCC_WARN_64_TO_32_BIT_CONVERSION = YES;
				GCC_WARN_ABOUT_RETURN_TYPE = YES_ERROR;
				GCC_WARN_UNDECLARED_SELECTOR = YES;
				GCC_WARN_UNINITIALIZED_AUTOS = YES_AGGRESSIVE;
				GCC_WARN_UNUSED_FUNCTION = YES;
				GCC_WARN_UNUSED_VARIABLE = YES;
				MACOSX_DEPLOYMENT_TARGET = 10.10;
				MTL_ENABLE_DEBUG_INFO = YES;
				ONLY_ACTIVE_ARCH = YES;
				SDKROOT = macosx;
			};
			name = Debug;
		};
		2F08F2891B6D854700A564AE /* Release */ = {
			isa = XCBuildConfiguration;
			buildSettings = {
				ALWAYS_SEARCH_USER_PATHS = NO;
				CLANG_CXX_LANGUAGE_STANDARD = "gnu++0x";
				CLANG_CXX_LIBRARY = "libc++";
				CLANG_ENABLE_MODULES = YES;
				CLANG_ENABLE_OBJC_ARC = YES;
				CLANG_WARN_BOOL_CONVERSION = YES;
				CLANG_WARN_CONSTANT_CONVERSION = YES;
				CLANG_WARN_DIRECT_OBJC_ISA_USAGE = YES_ERROR;
				CLANG_WARN_EMPTY_BODY = YES;
				CLANG_WARN_ENUM_CONVERSION = YES;
				CLANG_WARN_INT_CONVERSION = YES;
				CLANG_WARN_OBJC_ROOT_CLASS = YES_ERROR;
				CLANG_WARN_UNREACHABLE_CODE = YES;
				CLANG_WARN__DUPLICATE_METHOD_MATCH = YES;
				COPY_PHASE_STRIP = NO;
				DEBUG_INFORMATION_FORMAT = "dwarf-with-dsym";
				ENABLE_NS_ASSERTIONS = NO;
				ENABLE_STRICT_OBJC_MSGSEND = YES;
				GCC_C_LANGUAGE_STANDARD = gnu99;
				GCC_NO_COMMON_BLOCKS = YES;
				GCC_WARN_64_TO_32_BIT_CONVERSION = YES;
				GCC_WARN_ABOUT_RETURN_TYPE = YES_ERROR;
				GCC_WARN_UNDECLARED_SELECTOR = YES;
				GCC_WARN_UNINITIALIZED_AUTOS = YES_AGGRESSIVE;
				GCC_WARN_UNUSED_FUNCTION = YES;
				GCC_WARN_UNUSED_VARIABLE = YES;
				MACOSX_DEPLOYMENT_TARGET = 10.10;
				MTL_ENABLE_DEBUG_INFO = NO;
				SDKROOT = macosx;
			};
			name = Release;
		};
		2F08F28B1B6D854700A564AE /* Debug */ = {
			isa = XCBuildConfiguration;
			buildSettings = {
				PRODUCT_NAME = "$(TARGET_NAME)";
			};
			name = Debug;
		};
		2F08F28C1B6D854700A564AE /* Release */ = {
			isa = XCBuildConfiguration;
			buildSettings = {
				PRODUCT_NAME = "$(TARGET_NAME)";
			};
			name = Release;
		};
/* End XCBuildConfiguration section */

/* Begin XCConfigurationList section */
		2F08F27E1B6D854700A564AE /* Build configuration list for PBXProject "sharist" */ = {
			isa = XCConfigurationList;
			buildConfigurations = (
				2F08F2881B6D854700A564AE /* Debug */,
				2F08F2891B6D854700A564AE /* Release */,
			);
			defaultConfigurationIsVisible = 0;
			defaultConfigurationName = Release;
		};
		2F08F28A1B6D854700A564AE /* Build configuration list for PBXNativeTarget "sharist" */ = {
			isa = XCConfigurationList;
			buildConfigurations = (
				2F08F28B1B6D854700A564AE /* Debug */,
				2F08F28C1B6D854700A564AE /* Release */,
			);
			defaultConfigurationIsVisible = 0;
		};
/* End XCConfigurationList section */
	};
	rootObject = 2F08F27B1B6D854700A564AE /* Project object */;
}
